
Microsoft Visual Studio Solution File, Format Version 12.00
# Visual Studio Version 17
VisualStudioVersion = 17.10.35004.147
MinimumVisualStudioVersion = 10.0.40219.1
Project("{FAE04EC0-301F-11D3-BF4B-00C04F79EFBC}") = "AppiumTestProject", "AppiumTestProject.csproj", "{328B907F-1E5C-49F0-9F4D-6FDE0E364CAE}"
EndProject
Global
	GlobalSection(SolutionConfigurationPlatforms) = preSolution
		Debug|Any CPU = Debug|Any CPU
		Release|Any CPU = Release|Any CPU
	EndGlobalSection
	GlobalSection(ProjectConfigurationPlatforms) = postSolution
		{328B907F-1E5C-49F0-9F4D-6FDE0E364CAE}.Debug|Any CPU.ActiveCfg = Debug|Any CPU
		{328B907F-1E5C-49F0-9F4D-6FDE0E364CAE}.Debug|Any CPU.Build.0 = Debug|Any CPU
		{328B907F-1E5C-49F0-9F4D-6FDE0E364CAE}.Release|Any CPU.ActiveCfg = Release|Any CPU
		{328B907F-1E5C-49F0-9F4D-6FDE0E364CAE}.Release|Any CPU.Build.0 = Release|Any CPU
	EndGlobalSection
	GlobalSection(SolutionProperties) = preSolution
		HideSolutionNode = FALSE
	EndGlobalSection
	GlobalSection(ExtensibilityGlobals) = postSolution
		SolutionGuid = {47DBF4F0-5062-4C7D-86AA-90D718EE0663}
	EndGlobalSection
EndGlobal
